hash: 61dd639477c915fb931dbd252265e4dc51adf5fd50cb6e7287385585fde11887
updated: 2016-06-14T17:37:08.375228852+09:00
imports:
- name: github.com/aws/aws-sdk-go
  version: 2e1a49c71fb7d8f6b7e8cca2259ed9b68d9b97ce
  subpackages:
  - aws
  - aws/credentials
  - aws/session
  - service/ses
  - aws/awserr
  - aws/client
  - aws/corehandlers
  - aws/defaults
  - aws/request
  - private/endpoints
  - aws/awsutil
  - aws/client/metadata
  - private/protocol
  - private/protocol/query
  - private/signer/v4
  - private/waiter
  - aws/credentials/ec2rolecreds
  - aws/ec2metadata
  - private/protocol/query/queryutil
  - private/protocol/xml/xmlutil
  - private/protocol/rest
  - service/ec2
  - private/protocol/ec2query
- name: github.com/bitly/go-simplejson
  version: aabad6e819789e569bd6aabf444c935aa9ba1e44
- name: github.com/BurntSushi/toml
  version: f0aeabca5a127c4078abb8c8d64298b147264b55
- name: github.com/fsnotify/fsnotify
  version: 30411dbcefb7a1da7e84f75530ad3abe4011b4f8
- name: github.com/go-ini/ini
  version: 72ba3e6b9e6b87e0c74c9a7a4dc86e8dd8ba4355
- name: github.com/go-sql-driver/mysql
  version: 3654d25ec346ee8ce71a68431025458d52a38ac0
- name: github.com/hashicorp/hcl
  version: d7400db7143f8e869812e50a53acd6c8d92af3b8
  subpackages:
  - hcl/ast
  - hcl/parser
  - hcl/token
  - json/parser
  - hcl/scanner
  - hcl/strconv
  - json/scanner
  - json/token
- name: github.com/jmespath/go-jmespath
  version: 0b12d6b521d83fc7f755e7cfc1b1fbdd35a01a74
- name: github.com/jteeuwen/go-pkg-optarg
  version: 13b683f7111154d16daf768dfbe3193ce4470d3c
- name: github.com/k-nishijima/nanairoishi
  version: b1d4e484a3950a3754345bbfe9271190467c99b6
- name: github.com/magiconair/properties
  version: c265cfa48dda6474e208715ca93e987829f572f8
- name: github.com/mitchellh/mapstructure
  version: d2dd0262208475919e1a362f675cfc0e7c10e905
- name: github.com/spf13/cast
  version: 27b586b42e29bec072fe7379259cc719e1289da6
- name: github.com/spf13/jwalterweatherman
  version: 33c24e77fb80341fe7130ee7c594256ff08ccc46
- name: github.com/spf13/pflag
  version: 367864438f1b1a3c7db4da06a2f55b144e6784e0
- name: github.com/spf13/viper
  version: c1ccc378a054ea8d4e38d8c67f6938d4760b53dd
- name: golang.org/x/sys
  version: 7f918dd405547ecb864d14a8ecbbfe205b5f930f
  subpackages:
  - unix
- name: gopkg.in/yaml.v2
  version: a83829b6f1293c91addabc89d0571c246397bbf4
devImports: []
